// !$*UTF8*$!
{
	archiveVersion = 1;
	classes = {
	};
	objectVersion = 60;
	objects = {

/* Begin PBXBuildFile section */
		2A0EAA6F2CCB4B0300A10001 /* KiskadeeIOSShowcaseApp.swift in Sources */ = {isa = PBXBuildFile; fileRef = 2A0EAA6E2CCB4B0300A10001 /* KiskadeeIOSShowcaseApp.swift */; };
		2A0EAA712CCB4B0300A10001 /* ContentView.swift in Sources */ = {isa = PBXBuildFile; fileRef = 2A0EAA702CCB4B0300A10001 /* ContentView.swift */; };
		2A0EAA732CCB4B0300A10001 /* material-3-google-switch.schema.json in Resources */ = {isa = PBXBuildFile; fileRef = 2A0EAA722CCB4B0300A10001 /* material-3-google-switch.schema.json */; };
		2A0EAA842CCB4B0300A10001 /* KiskadeeIOS in Frameworks */ = {isa = PBXBuildFile; productRef = 2A0EAA832CCB4B0300A10001 /* KiskadeeIOS */; };
		CC99B0010000000000000001 /* carbon-ibm-switch.schema.json in Resources */ = {isa = PBXBuildFile; fileRef = CC99F0010000000000000001 /* carbon-ibm-switch.schema.json */; };
		CC99B0020000000000000001 /* fluent-2-microsoft-switch.schema.json in Resources */ = {isa = PBXBuildFile; fileRef = CC99F0020000000000000001 /* fluent-2-microsoft-switch.schema.json */; };
		CC99B0030000000000000001 /* ios-27-apple-switch.schema.json in Resources */ = {isa = PBXBuildFile; fileRef = CC99F0030000000000000001 /* ios-27-apple-switch.schema.json */; };
		CC99B0040000000000000001 /* material-3-kiskadee-switch.schema.json in Resources */ = {isa = PBXBuildFile; fileRef = CC99F0040000000000000001 /* material-3-kiskadee-switch.schema.json */; };
		5B6DACB42FDDAC8200E48E57 /* KiskadeeIOSShowcaseApp.swift in Sources */ = {isa = PBXBuildFile; fileRef = 2A0EAA6E2CCB4B0300A10001 /* KiskadeeIOSShowcaseApp.swift */; };
		5B6DACB52FDDAC8200E48E57 /* ContentView.swift in Sources */ = {isa = PBXBuildFile; fileRef = 2A0EAA702CCB4B0300A10001 /* ContentView.swift */; };
		5B6DACB72FDDAC8200E48E57 /* KiskadeeIOS in Frameworks */ = {isa = PBXBuildFile; productRef = 5B6DACB12FDDAC8200E48E57 /* KiskadeeIOS */; };
		5B6DACB92FDDAC8200E48E57 /* material-3-google-switch.schema.json in Resources */ = {isa = PBXBuildFile; fileRef = 2A0EAA722CCB4B0300A10001 /* material-3-google-switch.schema.json */; };
		CC99B1010000000000000001 /* carbon-ibm-switch.schema.json in Resources */ = {isa = PBXBuildFile; fileRef = CC99F0010000000000000001 /* carbon-ibm-switch.schema.json */; };
		CC99B1020000000000000001 /* fluent-2-microsoft-switch.schema.json in Resources */ = {isa = PBXBuildFile; fileRef = CC99F0020000000000000001 /* fluent-2-microsoft-switch.schema.json */; };
		CC99B1030000000000000001 /* ios-27-apple-switch.schema.json in Resources */ = {isa = PBXBuildFile; fileRef = CC99F0030000000000000001 /* ios-27-apple-switch.schema.json */; };
		CC99B1040000000000000001 /* material-3-kiskadee-switch.schema.json in Resources */ = {isa = PBXBuildFile; fileRef = CC99F0040000000000000001 /* material-3-kiskadee-switch.schema.json */; };
/* End PBXBuildFile section */

/* Begin PBXFileReference section */
		2A0EAA672CCB4B0300A10001 /* KiskadeeIOSShowcase.app */ = {isa = PBXFileReference; explicitFileType = wrapper.application; includeInIndex = 0; path = KiskadeeIOSShowcase.app; sourceTree = BUILT_PRODUCTS_DIR; };
		2A0EAA6E2CCB4B0300A10001 /* KiskadeeIOSShowcaseApp.swift */ = {isa = PBXFileReference; lastKnownFileType = sourcecode.swift; path = KiskadeeIOSShowcaseApp.swift; sourceTree = "<group>"; };
		2A0EAA702CCB4B0300A10001 /* ContentView.swift */ = {isa = PBXFileReference; lastKnownFileType = sourcecode.swift; path = ContentView.swift; sourceTree = "<group>"; };
		2A0EAA722CCB4B0300A10001 /* material-3-google-switch.schema.json */ = {isa = PBXFileReference; lastKnownFileType = text.json; path = "material-3-google-switch.schema.json"; sourceTree = "<group>"; };
		CC99F0010000000000000001 /* carbon-ibm-switch.schema.json */ = {isa = PBXFileReference; lastKnownFileType = text.json; path = "carbon-ibm-switch.schema.json"; sourceTree = "<group>"; };
		CC99F0020000000000000001 /* fluent-2-microsoft-switch.schema.json */ = {isa = PBXFileReference; lastKnownFileType = text.json; path = "fluent-2-microsoft-switch.schema.json"; sourceTree = "<group>"; };
		CC99F0030000000000000001 /* ios-27-apple-switch.schema.json */ = {isa = PBXFileReference; lastKnownFileType = text.json; path = "ios-27-apple-switch.schema.json"; sourceTree = "<group>"; };
		CC99F0040000000000000001 /* material-3-kiskadee-switch.schema.json */ = {isa = PBXFileReference; lastKnownFileType = text.json; path = "material-3-kiskadee-switch.schema.json"; sourceTree = "<group>"; };
		5B6DACBD2FDDAC8200E48E57 /* KiskadeeIOSShowcase copy.app */ = {isa = PBXFileReference; explicitFileType = wrapper.application; includeInIndex = 0; path = "KiskadeeIOSShowcase copy.app"; sourceTree = BUILT_PRODUCTS_DIR; };
/* End PBXFileReference section */

/* Begin PBXFrameworksBuildPhase section */
		2A0EAA642CCB4B0300A10001 /* Frameworks */ = {
			isa = PBXFrameworksBuildPhase;
			buildActionMask = 2147483647;
			files = (
				2A0EAA842CCB4B0300A10001 /* KiskadeeIOS in Frameworks */,
			);
			runOnlyForDeploymentPostprocessing = 0;
		};
		5B6DACB62FDDAC8200E48E57 /* Frameworks */ = {
			isa = PBXFrameworksBuildPhase;
			buildActionMask = 2147483647;
			files = (
				5B6DACB72FDDAC8200E48E57 /* KiskadeeIOS in Frameworks */,
			);
			runOnlyForDeploymentPostprocessing = 0;
		};
/* End PBXFrameworksBuildPhase section */

/* Begin PBXGroup section */
		2A0EAA5D2CCB4B0300A10001 = {
			isa = PBXGroup;
			children = (
				2A0EAA682CCB4B0300A10001 /* KiskadeeIOSShowcase */,
				2A0EAA662CCB4B0300A10001 /* Products */,
			);
			sourceTree = "<group>";
		};
		2A0EAA662CCB4B0300A10001 /* Products */ = {
			isa = PBXGroup;
			children = (
				2A0EAA672CCB4B0300A10001 /* KiskadeeIOSShowcase.app */,
				5B6DACBD2FDDAC8200E48E57 /* KiskadeeIOSShowcase copy.app */,
			);
			name = Products;
			sourceTree = "<group>";
		};
		2A0EAA682CCB4B0300A10001 /* KiskadeeIOSShowcase */ = {
			isa = PBXGroup;
			children = (
				2A0EAA6E2CCB4B0300A10001 /* KiskadeeIOSShowcaseApp.swift */,
				2A0EAA702CCB4B0300A10001 /* ContentView.swift */,
				2A0EAA692CCB4B0300A10001 /* Resources */,
			);
			path = KiskadeeIOSShowcase;
			sourceTree = "<group>";
		};
		2A0EAA692CCB4B0300A10001 /* Resources */ = {
			isa = PBXGroup;
			children = (
				CC99F0010000000000000001 /* carbon-ibm-switch.schema.json */,
				CC99F0020000000000000001 /* fluent-2-microsoft-switch.schema.json */,
				CC99F0030000000000000001 /* ios-27-apple-switch.schema.json */,
				2A0EAA722CCB4B0300A10001 /* material-3-google-switch.schema.json */,
				CC99F0040000000000000001 /* material-3-kiskadee-switch.schema.json */,
			);
			path = Resources;
			sourceTree = "<group>";
		};
/* End PBXGroup section */

/* Begin PBXNativeTarget section */
		2A0EAA652CCB4B0300A10001 /* KiskadeeIOSShowcase */ = {
			isa = PBXNativeTarget;
			buildConfigurationList = 2A0EAA7E2CCB4B0300A10001 /* Build configuration list for PBXNativeTarget "KiskadeeIOSShowcase" */;
			buildPhases = (
				2A0EAA622CCB4B0300A10001 /* Sources */,
				2A0EAA642CCB4B0300A10001 /* Frameworks */,
				2A0EAA632CCB4B0300A10001 /* Resources */,
			);
			buildRules = (
			);
			dependencies = (
			);
			name = KiskadeeIOSShowcase;
			packageProductDependencies = (
				2A0EAA832CCB4B0300A10001 /* KiskadeeIOS */,
			);
			productName = KiskadeeIOSShowcase;
			productReference = 2A0EAA672CCB4B0300A10001 /* KiskadeeIOSShowcase.app */;
			productType = "com.apple.product-type.application";
		};
		5B6DACB02FDDAC8200E48E57 /* KiskadeeIOSShowcase copy */ = {
			isa = PBXNativeTarget;
			buildConfigurationList = 5B6DACBA2FDDAC8200E48E57 /* Build configuration list for PBXNativeTarget "KiskadeeIOSShowcase copy" */;
			buildPhases = (
				5B6DACB32FDDAC8200E48E57 /* Sources */,
				5B6DACB62FDDAC8200E48E57 /* Frameworks */,
				5B6DACB82FDDAC8200E48E57 /* Resources */,
			);
			buildRules = (
			);
			dependencies = (
			);
			name = "KiskadeeIOSShowcase copy";
			packageProductDependencies = (
				5B6DACB12FDDAC8200E48E57 /* KiskadeeIOS */,
			);
			productName = KiskadeeIOSShowcase;
			productReference = 5B6DACBD2FDDAC8200E48E57 /* KiskadeeIOSShowcase copy.app */;
			productType = "com.apple.product-type.application";
		};
/* End PBXNativeTarget section */

/* Begin PBXProject section */
		2A0EAA5E2CCB4B0300A10001 /* Project object */ = {
			isa = PBXProject;
			attributes = {
				BuildIndependentTargetsInParallel = 1;
				LastSwiftUpdateCheck = 1600;
				LastUpgradeCheck = 1600;
				TargetAttributes = {
					2A0EAA652CCB4B0300A10001 = {
						CreatedOnToolsVersion = 16.0;
					};
				};
			};
			buildConfigurationList = 2A0EAA612CCB4B0300A10001 /* Build configuration list for PBXProject "KiskadeeIOSShowcase" */;
			compatibilityVersion = "Xcode 15.0";
			developmentRegion = en;
			hasScannedForEncodings = 0;
			knownRegions = (
				en,
				Base,
			);
			mainGroup = 2A0EAA5D2CCB4B0300A10001;
			packageReferences = (
				2A0EAA822CCB4B0300A10001 /* XCLocalSwiftPackageReference "../.." */,
			);
			productRefGroup = 2A0EAA662CCB4B0300A10001 /* Products */;
			projectDirPath = "";
			projectRoot = "";
			targets = (
				2A0EAA652CCB4B0300A10001 /* KiskadeeIOSShowcase */,
				5B6DACB02FDDAC8200E48E57 /* KiskadeeIOSShowcase copy */,
			);
		};
/* End PBXProject section */

/* Begin PBXResourcesBuildPhase section */
		2A0EAA632CCB4B0300A10001 /* Resources */ = {
			isa = PBXResourcesBuildPhase;
			buildActionMask = 2147483647;
			files = (
				CC99B0010000000000000001 /* carbon-ibm-switch.schema.json in Resources */,
				CC99B0020000000000000001 /* fluent-2-microsoft-switch.schema.json in Resources */,
				CC99B0030000000000000001 /* ios-27-apple-switch.schema.json in Resources */,
				2A0EAA732CCB4B0300A10001 /* material-3-google-switch.schema.json in Resources */,
				CC99B0040000000000000001 /* material-3-kiskadee-switch.schema.json in Resources */,
			);
			runOnlyForDeploymentPostprocessing = 0;
		};
		5B6DACB82FDDAC8200E48E57 /* Resources */ = {
			isa = PBXResourcesBuildPhase;
			buildActionMask = 2147483647;
			files = (
				CC99B1010000000000000001 /* carbon-ibm-switch.schema.json in Resources */,
				CC99B1020000000000000001 /* fluent-2-microsoft-switch.schema.json in Resources */,
				CC99B1030000000000000001 /* ios-27-apple-switch.schema.json in Resources */,
				5B6DACB92FDDAC8200E48E57 /* material-3-google-switch.schema.json in Resources */,
				CC99B1040000000000000001 /* material-3-kiskadee-switch.schema.json in Resources */,
			);
			runOnlyForDeploymentPostprocessing = 0;
		};
/* End PBXResourcesBuildPhase section */

/* Begin PBXSourcesBuildPhase section */
		2A0EAA622CCB4B0300A10001 /* Sources */ = {
			isa = PBXSourcesBuildPhase;
			buildActionMask = 2147483647;
			files = (
				2A0EAA6F2CCB4B0300A10001 /* KiskadeeIOSShowcaseApp.swift in Sources */,
				2A0EAA712CCB4B0300A10001 /* ContentView.swift in Sources */,
			);
			runOnlyForDeploymentPostprocessing = 0;
		};
		5B6DACB32FDDAC8200E48E57 /* Sources */ = {
			isa = PBXSourcesBuildPhase;
			buildActionMask = 2147483647;
			files = (
				5B6DACB42FDDAC8200E48E57 /* KiskadeeIOSShowcaseApp.swift in Sources */,
				5B6DACB52FDDAC8200E48E57 /* ContentView.swift in Sources */,
			);
			runOnlyForDeploymentPostprocessing = 0;
		};
/* End PBXSourcesBuildPhase section */

/* Begin XCBuildConfiguration section */
		2A0EAA742CCB4B0300A10001 /* Debug */ = {
			isa = XCBuildConfiguration;
			buildSettings = {
				ALWAYS_SEARCH_USER_PATHS = NO;
				CLANG_ANALYZER_NONNULL = YES;
				CLANG_ANALYZER_NUMBER_OBJECT_CONVERSION = YES_AGGRESSIVE;
				CLANG_CXX_LANGUAGE_STANDARD = "gnu++20";
				CLANG_ENABLE_MODULES = YES;
				CLANG_ENABLE_OBJC_ARC = YES;
				CLANG_ENABLE_OBJC_WEAK = YES;
				CLANG_WARN_BLOCK_CAPTURE_AUTORELEASING = YES;
				CLANG_WARN_BOOL_CONVERSION = YES;
				CLANG_WARN_COMMA = YES;
				CLANG_WARN_CONSTANT_CONVERSION = YES;
				CLANG_WARN_DEPRECATED_OBJC_IMPLEMENTATIONS = YES;
				CLANG_WARN_DIRECT_OBJC_ISA_USAGE = YES_ERROR;
				CLANG_WARN_DOCUMENTATION_COMMENTS = YES;
				CLANG_WARN_EMPTY_BODY = YES;
				CLANG_WARN_ENUM_CONVERSION = YES;
				CLANG_WARN_INFINITE_RECURSION = YES;
				CLANG_WARN_INT_CONVERSION = YES;
				CLANG_WARN_NON_LITERAL_NULL_CONVERSION = YES;
				CLANG_WARN_OBJC_IMPLICIT_RETAIN_SELF = YES;
				CLANG_WARN_OBJC_LITERAL_CONVERSION = YES;
				CLANG_WARN_OBJC_ROOT_CLASS = YES_ERROR;
				CLANG_WARN_QUOTED_INCLUDE_IN_FRAMEWORK_HEADER = YES;
				CLANG_WARN_RANGE_LOOP_ANALYSIS = YES;
				CLANG_WARN_STRICT_PROTOTYPES = YES;
				CLANG_WARN_SUSPICIOUS_MOVE = YES;
				CLANG_WARN_UNGUARDED_AVAILABILITY = YES_AGGRESSIVE;
				CLANG_WARN_UNREACHABLE_CODE = YES;
				CLANG_WARN__DUPLICATE_METHOD_MATCH = YES;
				COPY_PHASE_STRIP = NO;
				DEBUG_INFORMATION_FORMAT = dwarf;
				ENABLE_STRICT_OBJC_MSGSEND = YES;
				ENABLE_TESTABILITY = YES;
				ENABLE_USER_SCRIPT_SANDBOXING = YES;
				GCC_C_LANGUAGE_STANDARD = gnu17;
				GCC_DYNAMIC_NO_PIC = NO;
				GCC_NO_COMMON_BLOCKS = YES;
				GCC_OPTIMIZATION_LEVEL = 0;
				GCC_PREPROCESSOR_DEFINITIONS = (
					"DEBUG=1",
					"$(inherited)",
				);
				GCC_WARN_64_TO_32_BIT_CONVERSION = YES;
				GCC_WARN_ABOUT_RETURN_TYPE = YES_ERROR;
				GCC_WARN_UNDECLARED_SELECTOR = YES;
				GCC_WARN_UNINITIALIZED_AUTOS = YES_AGGRESSIVE;
				GCC_WARN_UNUSED_FUNCTION = YES;
				GCC_WARN_UNUSED_VARIABLE = YES;
				IPHONEOS_DEPLOYMENT_TARGET = 16.0;
				MTL_ENABLE_DEBUG_INFO = INCLUDE_SOURCE;
				MTL_FAST_MATH = YES;
				ONLY_ACTIVE_ARCH = YES;
				SDKROOT = iphoneos;
				SWIFT_ACTIVE_COMPILATION_CONDITIONS = DEBUG;
				SWIFT_OPTIMIZATION_LEVEL = "-Onone";
			};
			name = Debug;
		};
		2A0EAA752CCB4B0300A10001 /* Release */ = {
			isa = XCBuildConfiguration;
			buildSettings = {
				ALWAYS_SEARCH_USER_PATHS = NO;
				CLANG_ANALYZER_NONNULL = YES;
				CLANG_ANALYZER_NUMBER_OBJECT_CONVERSION = YES_AGGRESSIVE;
				CLANG_CXX_LANGUAGE_STANDARD = "gnu++20";
				CLANG_ENABLE_MODULES = YES;
				CLANG_ENABLE_OBJC_ARC = YES;
				CLANG_ENABLE_OBJC_WEAK = YES;
				CLANG_WARN_BLOCK_CAPTURE_AUTORELEASING = YES;
				CLANG_WARN_BOOL_CONVERSION = YES;
				CLANG_WARN_COMMA = YES;
				CLANG_WARN_CONSTANT_CONVERSION = YES;
				CLANG_WARN_DEPRECATED_OBJC_IMPLEMENTATIONS = YES;
				CLANG_WARN_DIRECT_OBJC_ISA_USAGE = YES_ERROR;
				CLANG_WARN_DOCUMENTATION_COMMENTS = YES;
				CLANG_WARN_EMPTY_BODY = YES;
				CLANG_WARN_ENUM_CONVERSION = YES;
				CLANG_WARN_INFINITE_RECURSION = YES;
				CLANG_WARN_INT_CONVERSION = YES;
				CLANG_WARN_NON_LITERAL_NULL_CONVERSION = YES;
				CLANG_WARN_OBJC_IMPLICIT_RETAIN_SELF = YES;
				CLANG_WARN_OBJC_LITERAL_CONVERSION = YES;
				CLANG_WARN_OBJC_ROOT_CLASS = YES_ERROR;
				CLANG_WARN_QUOTED_INCLUDE_IN_FRAMEWORK_HEADER = YES;
				CLANG_WARN_RANGE_LOOP_ANALYSIS = YES;
				CLANG_WARN_STRICT_PROTOTYPES = YES;
				CLANG_WARN_SUSPICIOUS_MOVE = YES;
				CLANG_WARN_UNGUARDED_AVAILABILITY = YES_AGGRESSIVE;
				CLANG_WARN_UNREACHABLE_CODE = YES;
				CLANG_WARN__DUPLICATE_METHOD_MATCH = YES;
				COPY_PHASE_STRIP = NO;
				DEBUG_INFORMATION_FORMAT = "dwarf-with-dsym";
				ENABLE_NS_ASSERTIONS = NO;
				ENABLE_STRICT_OBJC_MSGSEND = YES;
				ENABLE_USER_SCRIPT_SANDBOXING = YES;
				GCC_C_LANGUAGE_STANDARD = gnu17;
				GCC_NO_COMMON_BLOCKS = YES;
				GCC_WARN_64_TO_32_BIT_CONVERSION = YES;
				GCC_WARN_ABOUT_RETURN_TYPE = YES_ERROR;
				GCC_WARN_UNDECLARED_SELECTOR = YES;
				GCC_WARN_UNINITIALIZED_AUTOS = YES_AGGRESSIVE;
				GCC_WARN_UNUSED_FUNCTION = YES;
				GCC_WARN_UNUSED_VARIABLE = YES;
				IPHONEOS_DEPLOYMENT_TARGET = 16.0;
				MTL_ENABLE_DEBUG_INFO = NO;
				MTL_FAST_MATH = YES;
				SDKROOT = iphoneos;
				SWIFT_COMPILATION_MODE = wholemodule;
				VALIDATE_PRODUCT = YES;
			};
			name = Release;
		};
		2A0EAA7C2CCB4B0300A10001 /* Debug */ = {
			isa = XCBuildConfiguration;
			buildSettings = {
				ASSETCATALOG_COMPILER_GLOBAL_ACCENT_COLOR_NAME = AccentColor;
				CODE_SIGN_STYLE = Automatic;
				CURRENT_PROJECT_VERSION = 1;
				DEVELOPMENT_TEAM = "";
				GENERATE_INFOPLIST_FILE = YES;
				INFOPLIST_KEY_CFBundleDisplayName = "Kiskadee iOS";
				INFOPLIST_KEY_LSApplicationCategoryType = "public.app-category.developer-tools";
				INFOPLIST_KEY_UIApplicationSceneManifest_Generation = YES;
				INFOPLIST_KEY_UIApplicationSupportsIndirectInputEvents = YES;
				INFOPLIST_KEY_UILaunchScreen_Generation = YES;
				IPHONEOS_DEPLOYMENT_TARGET = 16.0;
				LD_RUNPATH_SEARCH_PATHS = (
					"$(inherited)",
					"@executable_path/Frameworks",
				);
				MARKETING_VERSION = 1.0;
				PRODUCT_BUNDLE_IDENTIFIER = dev.kiskadee.ios.showcase;
				PRODUCT_NAME = "$(TARGET_NAME)";
				SUPPORTED_PLATFORMS = "iphoneos iphonesimulator";
				SUPPORTS_MACCATALYST = NO;
				SWIFT_EMIT_LOC_STRINGS = YES;
				SWIFT_VERSION = 6.0;
				TARGETED_DEVICE_FAMILY = "1,2";
			};
			name = Debug;
		};
		2A0EAA7D2CCB4B0300A10001 /* Release */ = {
			isa = XCBuildConfiguration;
			buildSettings = {
				ASSETCATALOG_COMPILER_GLOBAL_ACCENT_COLOR_NAME = AccentColor;
				CODE_SIGN_STYLE = Automatic;
				CURRENT_PROJECT_VERSION = 1;
				DEVELOPMENT_TEAM = "";
				GENERATE_INFOPLIST_FILE = YES;
				INFOPLIST_KEY_CFBundleDisplayName = "Kiskadee iOS";
				INFOPLIST_KEY_LSApplicationCategoryType = "public.app-category.developer-tools";
				INFOPLIST_KEY_UIApplicationSceneManifest_Generation = YES;
				INFOPLIST_KEY_UIApplicationSupportsIndirectInputEvents = YES;
				INFOPLIST_KEY_UILaunchScreen_Generation = YES;
				IPHONEOS_DEPLOYMENT_TARGET = 16.0;
				LD_RUNPATH_SEARCH_PATHS = (
					"$(inherited)",
					"@executable_path/Frameworks",
				);
				MARKETING_VERSION = 1.0;
				PRODUCT_BUNDLE_IDENTIFIER = dev.kiskadee.ios.showcase;
				PRODUCT_NAME = "$(TARGET_NAME)";
				SUPPORTED_PLATFORMS = "iphoneos iphonesimulator";
				SUPPORTS_MACCATALYST = NO;
				SWIFT_EMIT_LOC_STRINGS = YES;
				SWIFT_VERSION = 6.0;
				TARGETED_DEVICE_FAMILY = "1,2";
			};
			name = Release;
		};
		5B6DACBB2FDDAC8200E48E57 /* Debug */ = {
			isa = XCBuildConfiguration;
			buildSettings = {
				ASSETCATALOG_COMPILER_GLOBAL_ACCENT_COLOR_NAME = AccentColor;
				CODE_SIGN_STYLE = Automatic;
				CURRENT_PROJECT_VERSION = 1;
				DEVELOPMENT_TEAM = "";
				GENERATE_INFOPLIST_FILE = YES;
				INFOPLIST_KEY_CFBundleDisplayName = "Kiskadee iOS";
				INFOPLIST_KEY_LSApplicationCategoryType = "public.app-category.developer-tools";
				INFOPLIST_KEY_UIApplicationSceneManifest_Generation = YES;
				INFOPLIST_KEY_UIApplicationSupportsIndirectInputEvents = YES;
				INFOPLIST_KEY_UILaunchScreen_Generation = YES;
				IPHONEOS_DEPLOYMENT_TARGET = 16.0;
				LD_RUNPATH_SEARCH_PATHS = (
					"$(inherited)",
					"@executable_path/Frameworks",
				);
				MARKETING_VERSION = 1.0;
				PRODUCT_BUNDLE_IDENTIFIER = dev.kiskadee.ios.showcase;
				PRODUCT_NAME = "$(TARGET_NAME)";
				SUPPORTED_PLATFORMS = "iphoneos iphonesimulator";
				SUPPORTS_MACCATALYST = NO;
				SWIFT_EMIT_LOC_STRINGS = YES;
				SWIFT_VERSION = 6.0;
				TARGETED_DEVICE_FAMILY = "1,2";
			};
			name = Debug;
		};
		5B6DACBC2FDDAC8200E48E57 /* Release */ = {
			isa = XCBuildConfiguration;
			buildSettings = {
				ASSETCATALOG_COMPILER_GLOBAL_ACCENT_COLOR_NAME = AccentColor;
				CODE_SIGN_STYLE = Automatic;
				CURRENT_PROJECT_VERSION = 1;
				DEVELOPMENT_TEAM = "";
				GENERATE_INFOPLIST_FILE = YES;
				INFOPLIST_KEY_CFBundleDisplayName = "Kiskadee iOS";
				INFOPLIST_KEY_LSApplicationCategoryType = "public.app-category.developer-tools";
				INFOPLIST_KEY_UIApplicationSceneManifest_Generation = YES;
				INFOPLIST_KEY_UIApplicationSupportsIndirectInputEvents = YES;
				INFOPLIST_KEY_UILaunchScreen_Generation = YES;
				IPHONEOS_DEPLOYMENT_TARGET = 16.0;
				LD_RUNPATH_SEARCH_PATHS = (
					"$(inherited)",
					"@executable_path/Frameworks",
				);
				MARKETING_VERSION = 1.0;
				PRODUCT_BUNDLE_IDENTIFIER = dev.kiskadee.ios.showcase;
				PRODUCT_NAME = "$(TARGET_NAME)";
				SUPPORTED_PLATFORMS = "iphoneos iphonesimulator";
				SUPPORTS_MACCATALYST = NO;
				SWIFT_EMIT_LOC_STRINGS = YES;
				SWIFT_VERSION = 6.0;
				TARGETED_DEVICE_FAMILY = "1,2";
			};
			name = Release;
		};
/* End XCBuildConfiguration section */

/* Begin XCConfigurationList section */
		2A0EAA612CCB4B0300A10001 /* Build configuration list for PBXProject "KiskadeeIOSShowcase" */ = {
			isa = XCConfigurationList;
			buildConfigurations = (
				2A0EAA742CCB4B0300A10001 /* Debug */,
				2A0EAA752CCB4B0300A10001 /* Release */,
			);
			defaultConfigurationIsVisible = 0;
			defaultConfigurationName = Release;
		};
		2A0EAA7E2CCB4B0300A10001 /* Build configuration list for PBXNativeTarget "KiskadeeIOSShowcase" */ = {
			isa = XCConfigurationList;
			buildConfigurations = (
				2A0EAA7C2CCB4B0300A10001 /* Debug */,
				2A0EAA7D2CCB4B0300A10001 /* Release */,
			);
			defaultConfigurationIsVisible = 0;
			defaultConfigurationName = Release;
		};
		5B6DACBA2FDDAC8200E48E57 /* Build configuration list for PBXNativeTarget "KiskadeeIOSShowcase copy" */ = {
			isa = XCConfigurationList;
			buildConfigurations = (
				5B6DACBB2FDDAC8200E48E57 /* Debug */,
				5B6DACBC2FDDAC8200E48E57 /* Release */,
			);
			defaultConfigurationIsVisible = 0;
			defaultConfigurationName = Release;
		};
/* End XCConfigurationList section */

/* Begin XCLocalSwiftPackageReference section */
		2A0EAA822CCB4B0300A10001 /* XCLocalSwiftPackageReference "../.." */ = {
			isa = XCLocalSwiftPackageReference;
			relativePath = ../..;
		};
		5B6DACB22FDDAC8200E48E57 /* XCLocalSwiftPackageReference "../.." */ = {
			isa = XCLocalSwiftPackageReference;
			relativePath = ../..;
		};
/* End XCLocalSwiftPackageReference section */

/* Begin XCSwiftPackageProductDependency section */
		2A0EAA832CCB4B0300A10001 /* KiskadeeIOS */ = {
			isa = XCSwiftPackageProductDependency;
			package = 2A0EAA822CCB4B0300A10001 /* XCLocalSwiftPackageReference "../.." */;
			productName = KiskadeeIOS;
		};
		5B6DACB12FDDAC8200E48E57 /* KiskadeeIOS */ = {
			isa = XCSwiftPackageProductDependency;
			package = 5B6DACB22FDDAC8200E48E57 /* XCLocalSwiftPackageReference "../.." */;
			productName = KiskadeeIOS;
		};
/* End XCSwiftPackageProductDependency section */
	};
	rootObject = 2A0EAA5E2CCB4B0300A10001 /* Project object */;
}
